
Microsoft Visual Studio Solution File, Format Version 12.00
# Visual Studio Version 16
VisualStudioVersion = 16.0.30011.22
MinimumVisualStudioVersion = 10.0.40219.1
Project("{FAE04EC0-301F-11D3-BF4B-00C04F79EFBC}") = "сумма квадратов нат чисел ду вайл", "сумма квадратов нат чисел ду вайл\сумма квадратов нат чисел ду вайл.csproj", "{24CD05C8-2094-4AC2-94E0-37ED40235F01}"
EndProject
Global
	GlobalSection(SolutionConfigurationPlatforms) = preSolution
		Debug|Any CPU = Debug|Any CPU
		Release|Any CPU = Release|Any CPU
	EndGlobalSection
	GlobalSection(ProjectConfigurationPlatforms) = postSolution
		{24CD05C8-2094-4AC2-94E0-37ED40235F01}.Debug|Any CPU.ActiveCfg = Debug|Any CPU
		{24CD05C8-2094-4AC2-94E0-37ED40235F01}.Debug|Any CPU.Build.0 = Debug|Any CPU
		{24CD05C8-2094-4AC2-94E0-37ED40235F01}.Release|Any CPU.ActiveCfg = Release|Any CPU
		{24CD05C8-2094-4AC2-94E0-37ED40235F01}.Release|Any CPU.Build.0 = Release|Any CPU
	EndGlobalSection
	GlobalSection(SolutionProperties) = preSolution
		HideSolutionNode = FALSE
	EndGlobalSection
	GlobalSection(ExtensibilityGlobals) = postSolution
		SolutionGuid = {EF42FE77-DBC5-4373-A884-94E0D5B5508A}
	EndGlobalSection
EndGlobal
